// !$*UTF8*$!
{
	archiveVersion = 1;
	classes = {
	};
	objectVersion = 50;
	objects = {

/* Begin PBXBuildFile section */
		7D0FB2EB227C7A0600E0D0A9 /* AppDelegate.swift in Sources */ = {isa = PBXBuildFile; fileRef = 7D0FB2EA227C7A0600E0D0A9 /* AppDelegate.swift */; };
		7D0FB2ED227C7A0600E0D0A9 /* ViewController.swift in Sources */ = {isa = PBXBuildFile; fileRef = 7D0FB2EC227C7A0600E0D0A9 /* ViewController.swift */; };
		7D0FB2F0227C7A0600E0D0A9 /* Main.storyboard in Resources */ = {isa = PBXBuildFile; fileRef = 7D0FB2EE227C7A0600E0D0A9 /* Main.storyboard */; };
		7D0FB2F2227C7A0800E0D0A9 /* Assets.xcassets in Resources */ = {isa = PBXBuildFile; fileRef = 7D0FB2F1227C7A0800E0D0A9 /* Assets.xcassets */; };
		7D0FB2F5227C7A0800E0D0A9 /* LaunchScreen.storyboard in Resources */ = {isa = PBXBuildFile; fileRef = 7D0FB2F3227C7A0800E0D0A9 /* LaunchScreen.storyboard */; };
		7D0FB2FF227C86C900E0D0A9 /* CountryTableViewCell.swift in Sources */ = {isa = PBXBuildFile; fileRef = 7D0FB2FE227C86C900E0D0A9 /* CountryTableViewCell.swift */; };
		7D0FB303227C889200E0D0A9 /* dataList.json in Resources */ = {isa = PBXBuildFile; fileRef = 7D0FB302227C889200E0D0A9 /* dataList.json */; };
		7D0FB305227C8D0C00E0D0A9 /* SectionListModel.swift in Sources */ = {isa = PBXBuildFile; fileRef = 7D0FB304227C8D0C00E0D0A9 /* SectionListModel.swift */; };
		D600B02CA351116050D033BE /* Pods_CountryCodeList.framework in Frameworks */ = {isa = PBXBuildFile; fileRef = 064CC2D7A89AAE2B47188DD4 /* Pods_CountryCodeList.framework */; };
/* End PBXBuildFile section */

/* Begin PBXFileReference section */
		064CC2D7A89AAE2B47188DD4 /* Pods_CountryCodeList.framework */ = {isa = PBXFileReference; explicitFileType = wrapper.framework; includeInIndex = 0; path = Pods_CountryCodeList.framework; sourceTree = BUILT_PRODUCTS_DIR; };
		08F07C849333C6BC56112D45 /* Pods-CountryCodeList.release.xcconfig */ = {isa = PBXFileReference; includeInIndex = 1; lastKnownFileType = text.xcconfig; name = "Pods-CountryCodeList.release.xcconfig"; path = "Pods/Target Support Files/Pods-CountryCodeList/Pods-CountryCodeList.release.xcconfig"; sourceTree = "<group>"; };
		68B2325C162768013DAF03BB /* Pods-CountryCodeList.debug.xcconfig */ = {isa = PBXFileReference; includeInIndex = 1; lastKnownFileType = text.xcconfig; name = "Pods-CountryCodeList.debug.xcconfig"; path = "Pods/Target Support Files/Pods-CountryCodeList/Pods-CountryCodeList.debug.xcconfig"; sourceTree = "<group>"; };
		7D0FB2E7227C7A0600E0D0A9 /* CountryCodeList.app */ = {isa = PBXFileReference; explicitFileType = wrapper.application; includeInIndex = 0; path = CountryCodeList.app; sourceTree = BUILT_PRODUCTS_DIR; };
		7D0FB2EA227C7A0600E0D0A9 /* AppDelegate.swift */ = {isa = PBXFileReference; lastKnownFileType = sourcecode.swift; path = AppDelegate.swift; sourceTree = "<group>"; };
		7D0FB2EC227C7A0600E0D0A9 /* ViewController.swift */ = {isa = PBXFileReference; lastKnownFileType = sourcecode.swift; path = ViewController.swift; sourceTree = "<group>"; };
		7D0FB2EF227C7A0600E0D0A9 /* Base */ = {isa = PBXFileReference; lastKnownFileType = file.storyboard; name = Base; path = Base.lproj/Main.storyboard; sourceTree = "<group>"; };
		7D0FB2F1227C7A0800E0D0A9 /* Assets.xcassets */ = {isa = PBXFileReference; lastKnownFileType = folder.assetcatalog; path = Assets.xcassets; sourceTree = "<group>"; };
		7D0FB2F4227C7A0800E0D0A9 /* Base */ = {isa = PBXFileReference; lastKnownFileType = file.storyboard; name = Base; path = Base.lproj/LaunchScreen.storyboard; sourceTree = "<group>"; };
		7D0FB2F6227C7A0800E0D0A9 /* Info.plist */ = {isa = PBXFileReference; lastKnownFileType = text.plist.xml; path = Info.plist; sourceTree = "<group>"; };
		7D0FB2FE227C86C900E0D0A9 /* CountryTableViewCell.swift */ = {isa = PBXFileReference; lastKnownFileType = sourcecode.swift; path = CountryTableViewCell.swift; sourceTree = "<group>"; };
		7D0FB302227C889200E0D0A9 /* dataList.json */ = {isa = PBXFileReference; lastKnownFileType = text.json; path = dataList.json; sourceTree = "<group>"; };
		7D0FB304227C8D0C00E0D0A9 /* SectionListModel.swift */ = {isa = PBXFileReference; lastKnownFileType = sourcecode.swift; path = SectionListModel.swift; sourceTree = "<group>"; };
/* End PBXFileReference section */

/* Begin PBXFrameworksBuildPhase section */
		7D0FB2E4227C7A0600E0D0A9 /* Frameworks */ = {
			isa = PBXFrameworksBuildPhase;
			buildActionMask = 2147483647;
			files = (
				D600B02CA351116050D033BE /* Pods_CountryCodeList.framework in Frameworks */,
			);
			runOnlyForDeploymentPostprocessing = 0;
		};
/* End PBXFrameworksBuildPhase section */

/* Begin PBXGroup section */
		51D76641B94AB26E7370D999 /* Pods */ = {
			isa = PBXGroup;
			children = (
				68B2325C162768013DAF03BB /* Pods-CountryCodeList.debug.xcconfig */,
				08F07C849333C6BC56112D45 /* Pods-CountryCodeList.release.xcconfig */,
			);
			name = Pods;
			sourceTree = "<group>";
		};
		7D0FB2DE227C7A0600E0D0A9 = {
			isa = PBXGroup;
			children = (
				7D0FB2E9227C7A0600E0D0A9 /* CountryCodeList */,
				7D0FB2E8227C7A0600E0D0A9 /* Products */,
				51D76641B94AB26E7370D999 /* Pods */,
				A7383F404CA75F76D2620B70 /* Frameworks */,
			);
			sourceTree = "<group>";
		};
		7D0FB2E8227C7A0600E0D0A9 /* Products */ = {
			isa = PBXGroup;
			children = (
				7D0FB2E7227C7A0600E0D0A9 /* CountryCodeList.app */,
			);
			name = Products;
			sourceTree = "<group>";
		};
		7D0FB2E9227C7A0600E0D0A9 /* CountryCodeList */ = {
			isa = PBXGroup;
			children = (
				7D0FB2EA227C7A0600E0D0A9 /* AppDelegate.swift */,
				7D0FB2EC227C7A0600E0D0A9 /* ViewController.swift */,
				7D0FB2FE227C86C900E0D0A9 /* CountryTableViewCell.swift */,
				7D0FB304227C8D0C00E0D0A9 /* SectionListModel.swift */,
				7D0FB2EE227C7A0600E0D0A9 /* Main.storyboard */,
				7D0FB2F1227C7A0800E0D0A9 /* Assets.xcassets */,
				7D0FB2F3227C7A0800E0D0A9 /* LaunchScreen.storyboard */,
				7D0FB2F6227C7A0800E0D0A9 /* Info.plist */,
				7D0FB302227C889200E0D0A9 /* dataList.json */,
			);
			path = CountryCodeList;
			sourceTree = "<group>";
		};
		A7383F404CA75F76D2620B70 /* Frameworks */ = {
			isa = PBXGroup;
			children = (
				064CC2D7A89AAE2B47188DD4 /* Pods_CountryCodeList.framework */,
			);
			name = Frameworks;
			sourceTree = "<group>";
		};
/* End PBXGroup section */

/* Begin PBXNativeTarget section */
		7D0FB2E6227C7A0600E0D0A9 /* CountryCodeList */ = {
			isa = PBXNativeTarget;
			buildConfigurationList = 7D0FB2F9227C7A0800E0D0A9 /* Build configuration list for PBXNativeTarget "CountryCodeList" */;
			buildPhases = (
				FFE957A47FA43F5651434B54 /* [CP] Check Pods Manifest.lock */,
				7D0FB2E3227C7A0600E0D0A9 /* Sources */,
				7D0FB2E4227C7A0600E0D0A9 /* Frameworks */,
				7D0FB2E5227C7A0600E0D0A9 /* Resources */,
				2AC5677C7A4A6222F786FAFB /* [CP] Embed Pods Frameworks */,
			);
			buildRules = (
			);
			dependencies = (
			);
			name = CountryCodeList;
			productName = CountryCodeList;
			productReference = 7D0FB2E7227C7A0600E0D0A9 /* CountryCodeList.app */;
			productType = "com.apple.product-type.application";
		};
/* End PBXNativeTarget section */

/* Begin PBXProject section */
		7D0FB2DF227C7A0600E0D0A9 /* Project object */ = {
			isa = PBXProject;
			attributes = {
				LastSwiftUpdateCheck = 1020;
				LastUpgradeCheck = 1020;
				ORGANIZATIONNAME = "jianwen ning";
				TargetAttributes = {
					7D0FB2E6227C7A0600E0D0A9 = {
						CreatedOnToolsVersion = 10.2.1;
					};
				};
			};
			buildConfigurationList = 7D0FB2E2227C7A0600E0D0A9 /* Build configuration list for PBXProject "CountryCodeList" */;
			compatibilityVersion = "Xcode 9.3";
			developmentRegion = en;
			hasScannedForEncodings = 0;
			knownRegions = (
				en,
				Base,
			);
			mainGroup = 7D0FB2DE227C7A0600E0D0A9;
			productRefGroup = 7D0FB2E8227C7A0600E0D0A9 /* Products */;
			projectDirPath = "";
			projectRoot = "";
			targets = (
				7D0FB2E6227C7A0600E0D0A9 /* CountryCodeList */,
			);
		};
/* End PBXProject section */

/* Begin PBXResourcesBuildPhase section */
		7D0FB2E5227C7A0600E0D0A9 /* Resources */ = {
			isa = PBXResourcesBuildPhase;
			buildActionMask = 2147483647;
			files = (
				7D0FB2F5227C7A0800E0D0A9 /* LaunchScreen.storyboard in Resources */,
				7D0FB2F2227C7A0800E0D0A9 /* Assets.xcassets in Resources */,
				7D0FB2F0227C7A0600E0D0A9 /* Main.storyboard in Resources */,
				7D0FB303227C889200E0D0A9 /* dataList.json in Resources */,
			);
			runOnlyForDeploymentPostprocessing = 0;
		};
/* End PBXResourcesBuildPhase section */

/* Begin PBXShellScriptBuildPhase section */
		2AC5677C7A4A6222F786FAFB /* [CP] Embed Pods Frameworks */ = {
			isa = PBXShellScriptBuildPhase;
			buildActionMask = 2147483647;
			files = (
			);
			inputPaths = (
				"${SRCROOT}/Pods/Target Support Files/Pods-CountryCodeList/Pods-CountryCodeList-frameworks.sh",
				"${BUILT_PRODUCTS_DIR}/HandyJSON/HandyJSON.framework",
			);
			name = "[CP] Embed Pods Frameworks";
			outputPaths = (
				"${TARGET_BUILD_DIR}/${FRAMEWORKS_FOLDER_PATH}/HandyJSON.framework",
			);
			runOnlyForDeploymentPostprocessing = 0;
			shellPath = /bin/sh;
			shellScript = "\"${SRCROOT}/Pods/Target Support Files/Pods-CountryCodeList/Pods-CountryCodeList-frameworks.sh\"\n";
			showEnvVarsInLog = 0;
		};
		FFE957A47FA43F5651434B54 /* [CP] Check Pods Manifest.lock */ = {
			isa = PBXShellScriptBuildPhase;
			buildActionMask = 2147483647;
			files = (
			);
			inputPaths = (
				"${PODS_PODFILE_DIR_PATH}/Podfile.lock",
				"${PODS_ROOT}/Manifest.lock",
			);
			name = "[CP] Check Pods Manifest.lock";
			outputPaths = (
				"$(DERIVED_FILE_DIR)/Pods-CountryCodeList-checkManifestLockResult.txt",
			);
			runOnlyForDeploymentPostprocessing = 0;
			shellPath = /bin/sh;
			shellScript = "diff \"${PODS_PODFILE_DIR_PATH}/Podfile.lock\" \"${PODS_ROOT}/Manifest.lock\" > /dev/null\nif [ $? != 0 ] ; then\n    # print error to STDERR\n    echo \"error: The sandbox is not in sync with the Podfile.lock. Run 'pod install' or update your CocoaPods installation.\" >&2\n    exit 1\nfi\n# This output is used by Xcode 'outputs' to avoid re-running this script phase.\necho \"SUCCESS\" > \"${SCRIPT_OUTPUT_FILE_0}\"\n";
			showEnvVarsInLog = 0;
		};
/* End PBXShellScriptBuildPhase section */

/* Begin PBXSourcesBuildPhase section */
		7D0FB2E3227C7A0600E0D0A9 /* Sources */ = {
			isa = PBXSourcesBuildPhase;
			buildActionMask = 2147483647;
			files = (
				7D0FB2FF227C86C900E0D0A9 /* CountryTableViewCell.swift in Sources */,
				7D0FB2ED227C7A0600E0D0A9 /* ViewController.swift in Sources */,
				7D0FB2EB227C7A0600E0D0A9 /* AppDelegate.swift in Sources */,
				7D0FB305227C8D0C00E0D0A9 /* SectionListModel.swift in Sources */,
			);
			runOnlyForDeploymentPostprocessing = 0;
		};
/* End PBXSourcesBuildPhase section */

/* Begin PBXVariantGroup section */
		7D0FB2EE227C7A0600E0D0A9 /* Main.storyboard */ = {
			isa = PBXVariantGroup;
			children = (
				7D0FB2EF227C7A0600E0D0A9 /* Base */,
			);
			name = Main.storyboard;
			sourceTree = "<group>";
		};
		7D0FB2F3227C7A0800E0D0A9 /* LaunchScreen.storyboard */ = {
			isa = PBXVariantGroup;
			children = (
				7D0FB2F4227C7A0800E0D0A9 /* Base */,
			);
			name = LaunchScreen.storyboard;
			sourceTree = "<group>";
		};
/* End PBXVariantGroup section */

/* Begin XCBuildConfiguration section */
		7D0FB2F7227C7A0800E0D0A9 /* Debug */ = {
			isa = XCBuildConfiguration;
			buildSettings = {
				ALWAYS_SEARCH_USER_PATHS = NO;
				CLANG_ANALYZER_NONNULL = YES;
				CLANG_ANALYZER_NUMBER_OBJECT_CONVERSION = YES_AGGRESSIVE;
				CLANG_CXX_LANGUAGE_STANDARD = "gnu++14";
				CLANG_CXX_LIBRARY = "libc++";
				CLANG_ENABLE_MODULES = YES;
				CLANG_ENABLE_OBJC_ARC = YES;
				CLANG_ENABLE_OBJC_WEAK = YES;
				CLANG_WARN_BLOCK_CAPTURE_AUTORELEASING = YES;
				CLANG_WARN_BOOL_CONVERSION = YES;
				CLANG_WARN_COMMA = YES;
				CLANG_WARN_CONSTANT_CONVERSION = YES;
				CLANG_WARN_DEPRECATED_OBJC_IMPLEMENTATIONS = YES;
				CLANG_WARN_DIRECT_OBJC_ISA_USAGE = YES_ERROR;
				CLANG_WARN_DOCUMENTATION_COMMENTS = YES;
				CLANG_WARN_EMPTY_BODY = YES;
				CLANG_WARN_ENUM_CONVERSION = YES;
				CLANG_WARN_INFINITE_RECURSION = YES;
				CLANG_WARN_INT_CONVERSION = YES;
				CLANG_WARN_NON_LITERAL_NULL_CONVERSION = YES;
				CLANG_WARN_OBJC_IMPLICIT_RETAIN_SELF = YES;
				CLANG_WARN_OBJC_LITERAL_CONVERSION = YES;
				CLANG_WARN_OBJC_ROOT_CLASS = YES_ERROR;
				CLANG_WARN_RANGE_LOOP_ANALYSIS = YES;
				CLANG_WARN_STRICT_PROTOTYPES = YES;
				CLANG_WARN_SUSPICIOUS_MOVE = YES;
				CLANG_WARN_UNGUARDED_AVAILABILITY = YES_AGGRESSIVE;
				CLANG_WARN_UNREACHABLE_CODE = YES;
				CLANG_WARN__DUPLICATE_METHOD_MATCH = YES;
				CODE_SIGN_IDENTITY = "iPhone Developer";
				COPY_PHASE_STRIP = NO;
				DEBUG_INFORMATION_FORMAT = dwarf;
				ENABLE_STRICT_OBJC_MSGSEND = YES;
				ENABLE_TESTABILITY = YES;
				GCC_C_LANGUAGE_STANDARD = gnu11;
				GCC_DYNAMIC_NO_PIC = NO;
				GCC_NO_COMMON_BLOCKS = YES;
				GCC_OPTIMIZATION_LEVEL = 0;
				GCC_PREPROCESSOR_DEFINITIONS = (
					"DEBUG=1",
					"$(inherited)",
				);
				GCC_WARN_64_TO_32_BIT_CONVERSION = YES;
				GCC_WARN_ABOUT_RETURN_TYPE = YES_ERROR;
				GCC_WARN_UNDECLARED_SELECTOR = YES;
				GCC_WARN_UNINITIALIZED_AUTOS = YES_AGGRESSIVE;
				GCC_WARN_UNUSED_FUNCTION = YES;
				GCC_WARN_UNUSED_VARIABLE = YES;
				IPHONEOS_DEPLOYMENT_TARGET = 12.2;
				MTL_ENABLE_DEBUG_INFO = INCLUDE_SOURCE;
				MTL_FAST_MATH = YES;
				ONLY_ACTIVE_ARCH = YES;
				SDKROOT = iphoneos;
				SWIFT_ACTIVE_COMPILATION_CONDITIONS = DEBUG;
				SWIFT_OPTIMIZATION_LEVEL = "-Onone";
			};
			name = Debug;
		};
		7D0FB2F8227C7A0800E0D0A9 /* Release */ = {
			isa = XCBuildConfiguration;
			buildSettings = {
				ALWAYS_SEARCH_USER_PATHS = NO;
				CLANG_ANALYZER_NONNULL = YES;
				CLANG_ANALYZER_NUMBER_OBJECT_CONVERSION = YES_AGGRESSIVE;
				CLANG_CXX_LANGUAGE_STANDARD = "gnu++14";
				CLANG_CXX_LIBRARY = "libc++";
				CLANG_ENABLE_MODULES = YES;
				CLANG_ENABLE_OBJC_ARC = YES;
				CLANG_ENABLE_OBJC_WEAK = YES;
				CLANG_WARN_BLOCK_CAPTURE_AUTORELEASING = YES;
				CLANG_WARN_BOOL_CONVERSION = YES;
				CLANG_WARN_COMMA = YES;
				CLANG_WARN_CONSTANT_CONVERSION = YES;
				CLANG_WARN_DEPRECATED_OBJC_IMPLEMENTATIONS = YES;
				CLANG_WARN_DIRECT_OBJC_ISA_USAGE = YES_ERROR;
				CLANG_WARN_DOCUMENTATION_COMMENTS = YES;
				CLANG_WARN_EMPTY_BODY = YES;
				CLANG_WARN_ENUM_CONVERSION = YES;
				CLANG_WARN_INFINITE_RECURSION = YES;
				CLANG_WARN_INT_CONVERSION = YES;
				CLANG_WARN_NON_LITERAL_NULL_CONVERSION = YES;
				CLANG_WARN_OBJC_IMPLICIT_RETAIN_SELF = YES;
				CLANG_WARN_OBJC_LITERAL_CONVERSION = YES;
				CLANG_WARN_OBJC_ROOT_CLASS = YES_ERROR;
				CLANG_WARN_RANGE_LOOP_ANALYSIS = YES;
				CLANG_WARN_STRICT_PROTOTYPES = YES;
				CLANG_WARN_SUSPICIOUS_MOVE = YES;
				CLANG_WARN_UNGUARDED_AVAILABILITY = YES_AGGRESSIVE;
				CLANG_WARN_UNREACHABLE_CODE = YES;
				CLANG_WARN__DUPLICATE_METHOD_MATCH = YES;
				CODE_SIGN_IDENTITY = "iPhone Developer";
				COPY_PHASE_STRIP = NO;
				DEBUG_INFORMATION_FORMAT = "dwarf-with-dsym";
				ENABLE_NS_ASSERTIONS = NO;
				ENABLE_STRICT_OBJC_MSGSEND = YES;
				GCC_C_LANGUAGE_STANDARD = gnu11;
				GCC_NO_COMMON_BLOCKS = YES;
				GCC_WARN_64_TO_32_BIT_CONVERSION = YES;
				GCC_WARN_ABOUT_RETURN_TYPE = YES_ERROR;
				GCC_WARN_UNDECLARED_SELECTOR = YES;
				GCC_WARN_UNINITIALIZED_AUTOS = YES_AGGRESSIVE;
				GCC_WARN_UNUSED_FUNCTION = YES;
				GCC_WARN_UNUSED_VARIABLE = YES;
				IPHONEOS_DEPLOYMENT_TARGET = 12.2;
				MTL_ENABLE_DEBUG_INFO = NO;
				MTL_FAST_MATH = YES;
				SDKROOT = iphoneos;
				SWIFT_COMPILATION_MODE = wholemodule;
				SWIFT_OPTIMIZATION_LEVEL = "-O";
				VALIDATE_PRODUCT = YES;
			};
			name = Release;
		};
		7D0FB2FA227C7A0800E0D0A9 /* Debug */ = {
			isa = XCBuildConfiguration;
			baseConfigurationReference = 68B2325C162768013DAF03BB /* Pods-CountryCodeList.debug.xcconfig */;
			buildSettings = {
				ASSETCATALOG_COMPILER_APPICON_NAME = AppIcon;
				CODE_SIGN_STYLE = Automatic;
				DEVELOPMENT_TEAM = 2Q2FYSJY22;
				INFOPLIST_FILE = CountryCodeList/Info.plist;
				LD_RUNPATH_SEARCH_PATHS = (
					"$(inherited)",
					"@executable_path/Frameworks",
				);
				PRODUCT_BUNDLE_IDENTIFIER = com.chain.njw.CountryCodeList;
				PRODUCT_NAME = "$(TARGET_NAME)";
				SWIFT_VERSION = 5.0;
				TARGETED_DEVICE_FAMILY = "1,2";
			};
			name = Debug;
		};
		7D0FB2FB227C7A0800E0D0A9 /* Release */ = {
			isa = XCBuildConfiguration;
			baseConfigurationReference = 08F07C849333C6BC56112D45 /* Pods-CountryCodeList.release.xcconfig */;
			buildSettings = {
				ASSETCATALOG_COMPILER_APPICON_NAME = AppIcon;
				CODE_SIGN_STYLE = Automatic;
				DEVELOPMENT_TEAM = 2Q2FYSJY22;
				INFOPLIST_FILE = CountryCodeList/Info.plist;
				LD_RUNPATH_SEARCH_PATHS = (
					"$(inherited)",
					"@executable_path/Frameworks",
				);
				PRODUCT_BUNDLE_IDENTIFIER = com.chain.njw.CountryCodeList;
				PRODUCT_NAME = "$(TARGET_NAME)";
				SWIFT_VERSION = 5.0;
				TARGETED_DEVICE_FAMILY = "1,2";
			};
			name = Release;
		};
/* End XCBuildConfiguration section */

/* Begin XCConfigurationList section */
		7D0FB2E2227C7A0600E0D0A9 /* Build configuration list for PBXProject "CountryCodeList" */ = {
			isa = XCConfigurationList;
			buildConfigurations = (
				7D0FB2F7227C7A0800E0D0A9 /* Debug */,
				7D0FB2F8227C7A0800E0D0A9 /* Release */,
			);
			defaultConfigurationIsVisible = 0;
			defaultConfigurationName = Release;
		};
		7D0FB2F9227C7A0800E0D0A9 /* Build configuration list for PBXNativeTarget "CountryCodeList" */ = {
			isa = XCConfigurationList;
			buildConfigurations = (
				7D0FB2FA227C7A0800E0D0A9 /* Debug */,
				7D0FB2FB227C7A0800E0D0A9 /* Release */,
			);
			defaultConfigurationIsVisible = 0;
			defaultConfigurationName = Release;
		};
/* End XCConfigurationList section */
	};
	rootObject = 7D0FB2DF227C7A0600E0D0A9 /* Project object */;
}
